// !$*UTF8*$!
{
	archiveVersion = 1;
	classes = {
	};
	objectVersion = 56;
	objects = {

/* Begin PBXBuildFile section */
		077E1A7B2B1F7EDA00B4EAE0 /* iOSCustomCalendarApp.swift in Sources */ = {isa = PBXBuildFile; fileRef = 077E1A7A2B1F7EDA00B4EAE0 /* iOSCustomCalendarApp.swift */; };
		077E1A7D2B1F7EDA00B4EAE0 /* ContentView.swift in Sources */ = {isa = PBXBuildFile; fileRef = 077E1A7C2B1F7EDA00B4EAE0 /* ContentView.swift */; };
		077E1A7F2B1F7EDB00B4EAE0 /* Assets.xcassets in Resources */ = {isa = PBXBuildFile; fileRef = 077E1A7E2B1F7EDB00B4EAE0 /* Assets.xcassets */; };
		077E1A822B1F7EDB00B4EAE0 /* Preview Assets.xcassets in Resources */ = {isa = PBXBuildFile; fileRef = 077E1A812B1F7EDB00B4EAE0 /* Preview Assets.xcassets */; };
		077E1A8C2B1F7EDC00B4EAE0 /* iOSCustomCalendarTests.swift in Sources */ = {isa = PBXBuildFile; fileRef = 077E1A8B2B1F7EDC00B4EAE0 /* iOSCustomCalendarTests.swift */; };
		077E1A962B1F7EDC00B4EAE0 /* iOSCustomCalendarUITests.swift in Sources */ = {isa = PBXBuildFile; fileRef = 077E1A952B1F7EDC00B4EAE0 /* iOSCustomCalendarUITests.swift */; };
		077E1A982B1F7EDC00B4EAE0 /* iOSCustomCalendarUITestsLaunchTests.swift in Sources */ = {isa = PBXBuildFile; fileRef = 077E1A972B1F7EDC00B4EAE0 /* iOSCustomCalendarUITestsLaunchTests.swift */; };
		077E1AA72B1F830300B4EAE0 /* CalendarView.swift in Sources */ = {isa = PBXBuildFile; fileRef = 077E1AA62B1F830300B4EAE0 /* CalendarView.swift */; };
/* End PBXBuildFile section */

/* Begin PBXContainerItemProxy section */
		077E1A882B1F7EDC00B4EAE0 /* PBXContainerItemProxy */ = {
			isa = PBXContainerItemProxy;
			containerPortal = 077E1A6F2B1F7EDA00B4EAE0 /* Project object */;
			proxyType = 1;
			remoteGlobalIDString = 077E1A762B1F7EDA00B4EAE0;
			remoteInfo = iOSCustomCalendar;
		};
		077E1A922B1F7EDC00B4EAE0 /* PBXContainerItemProxy */ = {
			isa = PBXContainerItemProxy;
			containerPortal = 077E1A6F2B1F7EDA00B4EAE0 /* Project object */;
			proxyType = 1;
			remoteGlobalIDString = 077E1A762B1F7EDA00B4EAE0;
			remoteInfo = iOSCustomCalendar;
		};
/* End PBXContainerItemProxy section */

/* Begin PBXFileReference section */
		077E1A772B1F7EDA00B4EAE0 /* iOSCustomCalendar.app */ = {isa = PBXFileReference; explicitFileType = wrapper.application; includeInIndex = 0; path = iOSCustomCalendar.app; sourceTree = BUILT_PRODUCTS_DIR; };
		077E1A7A2B1F7EDA00B4EAE0 /* iOSCustomCalendarApp.swift */ = {isa = PBXFileReference; lastKnownFileType = sourcecode.swift; path = iOSCustomCalendarApp.swift; sourceTree = "<group>"; };
		077E1A7C2B1F7EDA00B4EAE0 /* ContentView.swift */ = {isa = PBXFileReference; lastKnownFileType = sourcecode.swift; path = ContentView.swift; sourceTree = "<group>"; };
		077E1A7E2B1F7EDB00B4EAE0 /* Assets.xcassets */ = {isa = PBXFileReference; lastKnownFileType = folder.assetcatalog; path = Assets.xcassets; sourceTree = "<group>"; };
		077E1A812B1F7EDB00B4EAE0 /* Preview Assets.xcassets */ = {isa = PBXFileReference; lastKnownFileType = folder.assetcatalog; path = "Preview Assets.xcassets"; sourceTree = "<group>"; };
		077E1A872B1F7EDC00B4EAE0 /* iOSCustomCalendarTests.xctest */ = {isa = PBXFileReference; explicitFileType = wrapper.cfbundle; includeInIndex = 0; path = iOSCustomCalendarTests.xctest; sourceTree = BUILT_PRODUCTS_DIR; };
		077E1A8B2B1F7EDC00B4EAE0 /* iOSCustomCalendarTests.swift */ = {isa = PBXFileReference; lastKnownFileType = sourcecode.swift; path = iOSCustomCalendarTests.swift; sourceTree = "<group>"; };
		077E1A912B1F7EDC00B4EAE0 /* iOSCustomCalendarUITests.xctest */ = {isa = PBXFileReference; explicitFileType = wrapper.cfbundle; includeInIndex = 0; path = iOSCustomCalendarUITests.xctest; sourceTree = BUILT_PRODUCTS_DIR; };
		077E1A952B1F7EDC00B4EAE0 /* iOSCustomCalendarUITests.swift */ = {isa = PBXFileReference; lastKnownFileType = sourcecode.swift; path = iOSCustomCalendarUITests.swift; sourceTree = "<group>"; };
		077E1A972B1F7EDC00B4EAE0 /* iOSCustomCalendarUITestsLaunchTests.swift */ = {isa = PBXFileReference; lastKnownFileType = sourcecode.swift; path = iOSCustomCalendarUITestsLaunchTests.swift; sourceTree = "<group>"; };
		077E1AA62B1F830300B4EAE0 /* CalendarView.swift */ = {isa = PBXFileReference; lastKnownFileType = sourcecode.swift; path = CalendarView.swift; sourceTree = "<group>"; };
/* End PBXFileReference section */

/* Begin PBXFrameworksBuildPhase section */
		077E1A742B1F7EDA00B4EAE0 /* Frameworks */ = {
			isa = PBXFrameworksBuildPhase;
			buildActionMask = 2147483647;
			files = (
			);
			runOnlyForDeploymentPostprocessing = 0;
		};
		077E1A842B1F7EDC00B4EAE0 /* Frameworks */ = {
			isa = PBXFrameworksBuildPhase;
			buildActionMask = 2147483647;
			files = (
			);
			runOnlyForDeploymentPostprocessing = 0;
		};
		077E1A8E2B1F7EDC00B4EAE0 /* Frameworks */ = {
			isa = PBXFrameworksBuildPhase;
			buildActionMask = 2147483647;
			files = (
			);
			runOnlyForDeploymentPostprocessing = 0;
		};
/* End PBXFrameworksBuildPhase section */

/* Begin PBXGroup section */
		077E1A6E2B1F7EDA00B4EAE0 = {
			isa = PBXGroup;
			children = (
				077E1A792B1F7EDA00B4EAE0 /* iOSCustomCalendar */,
				077E1A8A2B1F7EDC00B4EAE0 /* iOSCustomCalendarTests */,
				077E1A942B1F7EDC00B4EAE0 /* iOSCustomCalendarUITests */,
				077E1A782B1F7EDA00B4EAE0 /* Products */,
			);
			sourceTree = "<group>";
		};
		077E1A782B1F7EDA00B4EAE0 /* Products */ = {
			isa = PBXGroup;
			children = (
				077E1A772B1F7EDA00B4EAE0 /* iOSCustomCalendar.app */,
				077E1A872B1F7EDC00B4EAE0 /* iOSCustomCalendarTests.xctest */,
				077E1A912B1F7EDC00B4EAE0 /* iOSCustomCalendarUITests.xctest */,
			);
			name = Products;
			sourceTree = "<group>";
		};
		077E1A792B1F7EDA00B4EAE0 /* iOSCustomCalendar */ = {
			isa = PBXGroup;
			children = (
				077E1A7A2B1F7EDA00B4EAE0 /* iOSCustomCalendarApp.swift */,
				077E1A7C2B1F7EDA00B4EAE0 /* ContentView.swift */,
				077E1AA62B1F830300B4EAE0 /* CalendarView.swift */,
				077E1A7E2B1F7EDB00B4EAE0 /* Assets.xcassets */,
				077E1A802B1F7EDB00B4EAE0 /* Preview Content */,
			);
			path = iOSCustomCalendar;
			sourceTree = "<group>";
		};
		077E1A802B1F7EDB00B4EAE0 /* Preview Content */ = {
			isa = PBXGroup;
			children = (
				077E1A812B1F7EDB00B4EAE0 /* Preview Assets.xcassets */,
			);
			path = "Preview Content";
			sourceTree = "<group>";
		};
		077E1A8A2B1F7EDC00B4EAE0 /* iOSCustomCalendarTests */ = {
			isa = PBXGroup;
			children = (
				077E1A8B2B1F7EDC00B4EAE0 /* iOSCustomCalendarTests.swift */,
			);
			path = iOSCustomCalendarTests;
			sourceTree = "<group>";
		};
		077E1A942B1F7EDC00B4EAE0 /* iOSCustomCalendarUITests */ = {
			isa = PBXGroup;
			children = (
				077E1A952B1F7EDC00B4EAE0 /* iOSCustomCalendarUITests.swift */,
				077E1A972B1F7EDC00B4EAE0 /* iOSCustomCalendarUITestsLaunchTests.swift */,
			);
			path = iOSCustomCalendarUITests;
			sourceTree = "<group>";
		};
/* End PBXGroup section */

/* Begin PBXNativeTarget section */
		077E1A762B1F7EDA00B4EAE0 /* iOSCustomCalendar */ = {
			isa = PBXNativeTarget;
			buildConfigurationList = 077E1A9B2B1F7EDC00B4EAE0 /* Build configuration list for PBXNativeTarget "iOSCustomCalendar" */;
			buildPhases = (
				077E1A732B1F7EDA00B4EAE0 /* Sources */,
				077E1A742B1F7EDA00B4EAE0 /* Frameworks */,
				077E1A752B1F7EDA00B4EAE0 /* Resources */,
			);
			buildRules = (
			);
			dependencies = (
			);
			name = iOSCustomCalendar;
			productName = iOSCustomCalendar;
			productReference = 077E1A772B1F7EDA00B4EAE0 /* iOSCustomCalendar.app */;
			productType = "com.apple.product-type.application";
		};
		077E1A862B1F7EDC00B4EAE0 /* iOSCustomCalendarTests */ = {
			isa = PBXNativeTarget;
			buildConfigurationList = 077E1A9E2B1F7EDC00B4EAE0 /* Build configuration list for PBXNativeTarget "iOSCustomCalendarTests" */;
			buildPhases = (
				077E1A832B1F7EDC00B4EAE0 /* Sources */,
				077E1A842B1F7EDC00B4EAE0 /* Frameworks */,
				077E1A852B1F7EDC00B4EAE0 /* Resources */,
			);
			buildRules = (
			);
			dependencies = (
				077E1A892B1F7EDC00B4EAE0 /* PBXTargetDependency */,
			);
			name = iOSCustomCalendarTests;
			productName = iOSCustomCalendarTests;
			productReference = 077E1A872B1F7EDC00B4EAE0 /* iOSCustomCalendarTests.xctest */;
			productType = "com.apple.product-type.bundle.unit-test";
		};
		077E1A902B1F7EDC00B4EAE0 /* iOSCustomCalendarUITests */ = {
			isa = PBXNativeTarget;
			buildConfigurationList = 077E1AA12B1F7EDC00B4EAE0 /* Build configuration list for PBXNativeTarget "iOSCustomCalendarUITests" */;
			buildPhases = (
				077E1A8D2B1F7EDC00B4EAE0 /* Sources */,
				077E1A8E2B1F7EDC00B4EAE0 /* Frameworks */,
				077E1A8F2B1F7EDC00B4EAE0 /* Resources */,
			);
			buildRules = (
			);
			dependencies = (
				077E1A932B1F7EDC00B4EAE0 /* PBXTargetDependency */,
			);
			name = iOSCustomCalendarUITests;
			productName = iOSCustomCalendarUITests;
			productReference = 077E1A912B1F7EDC00B4EAE0 /* iOSCustomCalendarUITests.xctest */;
			productType = "com.apple.product-type.bundle.ui-testing";
		};
/* End PBXNativeTarget section */

/* Begin PBXProject section */
		077E1A6F2B1F7EDA00B4EAE0 /* Project object */ = {
			isa = PBXProject;
			attributes = {
				BuildIndependentTargetsInParallel = 1;
				LastSwiftUpdateCheck = 1500;
				LastUpgradeCheck = 1500;
				TargetAttributes = {
					077E1A762B1F7EDA00B4EAE0 = {
						CreatedOnToolsVersion = 15.0.1;
					};
					077E1A862B1F7EDC00B4EAE0 = {
						CreatedOnToolsVersion = 15.0.1;
						TestTargetID = 077E1A762B1F7EDA00B4EAE0;
					};
					077E1A902B1F7EDC00B4EAE0 = {
						CreatedOnToolsVersion = 15.0.1;
						TestTargetID = 077E1A762B1F7EDA00B4EAE0;
					};
				};
			};
			buildConfigurationList = 077E1A722B1F7EDA00B4EAE0 /* Build configuration list for PBXProject "iOSCustomCalendar" */;
			compatibilityVersion = "Xcode 14.0";
			developmentRegion = en;
			hasScannedForEncodings = 0;
			knownRegions = (
				en,
				Base,
			);
			mainGroup = 077E1A6E2B1F7EDA00B4EAE0;
			productRefGroup = 077E1A782B1F7EDA00B4EAE0 /* Products */;
			projectDirPath = "";
			projectRoot = "";
			targets = (
				077E1A762B1F7EDA00B4EAE0 /* iOSCustomCalendar */,
				077E1A862B1F7EDC00B4EAE0 /* iOSCustomCalendarTests */,
				077E1A902B1F7EDC00B4EAE0 /* iOSCustomCalendarUITests */,
			);
		};
/* End PBXProject section */

/* Begin PBXResourcesBuildPhase section */
		077E1A752B1F7EDA00B4EAE0 /* Resources */ = {
			isa = PBXResourcesBuildPhase;
			buildActionMask = 2147483647;
			files = (
				077E1A822B1F7EDB00B4EAE0 /* Preview Assets.xcassets in Resources */,
				077E1A7F2B1F7EDB00B4EAE0 /* Assets.xcassets in Resources */,
			);
			runOnlyForDeploymentPostprocessing = 0;
		};
		077E1A852B1F7EDC00B4EAE0 /* Resources */ = {
			isa = PBXResourcesBuildPhase;
			buildActionMask = 2147483647;
			files = (
			);
			runOnlyForDeploymentPostprocessing = 0;
		};
		077E1A8F2B1F7EDC00B4EAE0 /* Resources */ = {
			isa = PBXResourcesBuildPhase;
			buildActionMask = 2147483647;
			files = (
			);
			runOnlyForDeploymentPostprocessing = 0;
		};
/* End PBXResourcesBuildPhase section */

/* Begin PBXSourcesBuildPhase section */
		077E1A732B1F7EDA00B4EAE0 /* Sources */ = {
			isa = PBXSourcesBuildPhase;
			buildActionMask = 2147483647;
			files = (
				077E1A7D2B1F7EDA00B4EAE0 /* ContentView.swift in Sources */,
				077E1A7B2B1F7EDA00B4EAE0 /* iOSCustomCalendarApp.swift in Sources */,
				077E1AA72B1F830300B4EAE0 /* CalendarView.swift in Sources */,
			);
			runOnlyForDeploymentPostprocessing = 0;
		};
		077E1A832B1F7EDC00B4EAE0 /* Sources */ = {
			isa = PBXSourcesBuildPhase;
			buildActionMask = 2147483647;
			files = (
				077E1A8C2B1F7EDC00B4EAE0 /* iOSCustomCalendarTests.swift in Sources */,
			);
			runOnlyForDeploymentPostprocessing = 0;
		};
		077E1A8D2B1F7EDC00B4EAE0 /* Sources */ = {
			isa = PBXSourcesBuildPhase;
			buildActionMask = 2147483647;
			files = (
				077E1A962B1F7EDC00B4EAE0 /* iOSCustomCalendarUITests.swift in Sources */,
				077E1A982B1F7EDC00B4EAE0 /* iOSCustomCalendarUITestsLaunchTests.swift in Sources */,
			);
			runOnlyForDeploymentPostprocessing = 0;
		};
/* End PBXSourcesBuildPhase section */

/* Begin PBXTargetDependency section */
		077E1A892B1F7EDC00B4EAE0 /* PBXTargetDependency */ = {
			isa = PBXTargetDependency;
			target = 077E1A762B1F7EDA00B4EAE0 /* iOSCustomCalendar */;
			targetProxy = 077E1A882B1F7EDC00B4EAE0 /* PBXContainerItemProxy */;
		};
		077E1A932B1F7EDC00B4EAE0 /* PBXTargetDependency */ = {
			isa = PBXTargetDependency;
			target = 077E1A762B1F7EDA00B4EAE0 /* iOSCustomCalendar */;
			targetProxy = 077E1A922B1F7EDC00B4EAE0 /* PBXContainerItemProxy */;
		};
/* End PBXTargetDependency section */

/* Begin XCBuildConfiguration section */
		077E1A992B1F7EDC00B4EAE0 /* Debug */ = {
			isa = XCBuildConfiguration;
			buildSettings = {
				ALWAYS_SEARCH_USER_PATHS = NO;
				ASSETCATALOG_COMPILER_GENERATE_SWIFT_ASSET_SYMBOL_EXTENSIONS = YES;
				CLANG_ANALYZER_NONNULL = YES;
				CLANG_ANALYZER_NUMBER_OBJECT_CONVERSION = YES_AGGRESSIVE;
				CLANG_CXX_LANGUAGE_STANDARD = "gnu++20";
				CLANG_ENABLE_MODULES = YES;
				CLANG_ENABLE_OBJC_ARC = YES;
				CLANG_ENABLE_OBJC_WEAK = YES;
				CLANG_WARN_BLOCK_CAPTURE_AUTORELEASING = YES;
				CLANG_WARN_BOOL_CONVERSION = YES;
				CLANG_WARN_COMMA = YES;
				CLANG_WARN_CONSTANT_CONVERSION = YES;
				CLANG_WARN_DEPRECATED_OBJC_IMPLEMENTATIONS = YES;
				CLANG_WARN_DIRECT_OBJC_ISA_USAGE = YES_ERROR;
				CLANG_WARN_DOCUMENTATION_COMMENTS = YES;
				CLANG_WARN_EMPTY_BODY = YES;
				CLANG_WARN_ENUM_CONVERSION = YES;
				CLANG_WARN_INFINITE_RECURSION = YES;
				CLANG_WARN_INT_CONVERSION = YES;
				CLANG_WARN_NON_LITERAL_NULL_CONVERSION = YES;
				CLANG_WARN_OBJC_IMPLICIT_RETAIN_SELF = YES;
				CLANG_WARN_OBJC_LITERAL_CONVERSION = YES;
				CLANG_WARN_OBJC_ROOT_CLASS = YES_ERROR;
				CLANG_WARN_QUOTED_INCLUDE_IN_FRAMEWORK_HEADER = YES;
				CLANG_WARN_RANGE_LOOP_ANALYSIS = YES;
				CLANG_WARN_STRICT_PROTOTYPES = YES;
				CLANG_WARN_SUSPICIOUS_MOVE = YES;
				CLANG_WARN_UNGUARDED_AVAILABILITY = YES_AGGRESSIVE;
				CLANG_WARN_UNREACHABLE_CODE = YES;
				CLANG_WARN__DUPLICATE_METHOD_MATCH = YES;
				COPY_PHASE_STRIP = NO;
				DEBUG_INFORMATION_FORMAT = dwarf;
				ENABLE_STRICT_OBJC_MSGSEND = YES;
				ENABLE_TESTABILITY = YES;
				ENABLE_USER_SCRIPT_SANDBOXING = YES;
				GCC_C_LANGUAGE_STANDARD = gnu17;
				GCC_DYNAMIC_NO_PIC = NO;
				GCC_NO_COMMON_BLOCKS = YES;
				GCC_OPTIMIZATION_LEVEL = 0;
				GCC_PREPROCESSOR_DEFINITIONS = (
					"DEBUG=1",
					"$(inherited)",
				);
				GCC_WARN_64_TO_32_BIT_CONVERSION = YES;
				GCC_WARN_ABOUT_RETURN_TYPE = YES_ERROR;
				GCC_WARN_UNDECLARED_SELECTOR = YES;
				GCC_WARN_UNINITIALIZED_AUTOS = YES_AGGRESSIVE;
				GCC_WARN_UNUSED_FUNCTION = YES;
				GCC_WARN_UNUSED_VARIABLE = YES;
				IPHONEOS_DEPLOYMENT_TARGET = 17.0;
				LOCALIZATION_PREFERS_STRING_CATALOGS = YES;
				MTL_ENABLE_DEBUG_INFO = INCLUDE_SOURCE;
				MTL_FAST_MATH = YES;
				ONLY_ACTIVE_ARCH = YES;
				SDKROOT = iphoneos;
				SWIFT_ACTIVE_COMPILATION_CONDITIONS = "DEBUG $(inherited)";
				SWIFT_OPTIMIZATION_LEVEL = "-Onone";
			};
			name = Debug;
		};
		077E1A9A2B1F7EDC00B4EAE0 /* Release */ = {
			isa = XCBuildConfiguration;
			buildSettings = {
				ALWAYS_SEARCH_USER_PATHS = NO;
				ASSETCATALOG_COMPILER_GENERATE_SWIFT_ASSET_SYMBOL_EXTENSIONS = YES;
				CLANG_ANALYZER_NONNULL = YES;
				CLANG_ANALYZER_NUMBER_OBJECT_CONVERSION = YES_AGGRESSIVE;
				CLANG_CXX_LANGUAGE_STANDARD = "gnu++20";
				CLANG_ENABLE_MODULES = YES;
				CLANG_ENABLE_OBJC_ARC = YES;
				CLANG_ENABLE_OBJC_WEAK = YES;
				CLANG_WARN_BLOCK_CAPTURE_AUTORELEASING = YES;
				CLANG_WARN_BOOL_CONVERSION = YES;
				CLANG_WARN_COMMA = YES;
				CLANG_WARN_CONSTANT_CONVERSION = YES;
				CLANG_WARN_DEPRECATED_OBJC_IMPLEMENTATIONS = YES;
				CLANG_WARN_DIRECT_OBJC_ISA_USAGE = YES_ERROR;
				CLANG_WARN_DOCUMENTATION_COMMENTS = YES;
				CLANG_WARN_EMPTY_BODY = YES;
				CLANG_WARN_ENUM_CONVERSION = YES;
				CLANG_WARN_INFINITE_RECURSION = YES;
				CLANG_WARN_INT_CONVERSION = YES;
				CLANG_WARN_NON_LITERAL_NULL_CONVERSION = YES;
				CLANG_WARN_OBJC_IMPLICIT_RETAIN_SELF = YES;
				CLANG_WARN_OBJC_LITERAL_CONVERSION = YES;
				CLANG_WARN_OBJC_ROOT_CLASS = YES_ERROR;
				CLANG_WARN_QUOTED_INCLUDE_IN_FRAMEWORK_HEADER = YES;
				CLANG_WARN_RANGE_LOOP_ANALYSIS = YES;
				CLANG_WARN_STRICT_PROTOTYPES = YES;
				CLANG_WARN_SUSPICIOUS_MOVE = YES;
				CLANG_WARN_UNGUARDED_AVAILABILITY = YES_AGGRESSIVE;
				CLANG_WARN_UNREACHABLE_CODE = YES;
				CLANG_WARN__DUPLICATE_METHOD_MATCH = YES;
				COPY_PHASE_STRIP = NO;
				DEBUG_INFORMATION_FORMAT = "dwarf-with-dsym";
				ENABLE_NS_ASSERTIONS = NO;
				ENABLE_STRICT_OBJC_MSGSEND = YES;
				ENABLE_USER_SCRIPT_SANDBOXING = YES;
				GCC_C_LANGUAGE_STANDARD = gnu17;
				GCC_NO_COMMON_BLOCKS = YES;
				GCC_WARN_64_TO_32_BIT_CONVERSION = YES;
				GCC_WARN_ABOUT_RETURN_TYPE = YES_ERROR;
				GCC_WARN_UNDECLARED_SELECTOR = YES;
				GCC_WARN_UNINITIALIZED_AUTOS = YES_AGGRESSIVE;
				GCC_WARN_UNUSED_FUNCTION = YES;
				GCC_WARN_UNUSED_VARIABLE = YES;
				IPHONEOS_DEPLOYMENT_TARGET = 17.0;
				LOCALIZATION_PREFERS_STRING_CATALOGS = YES;
				MTL_ENABLE_DEBUG_INFO = NO;
				MTL_FAST_MATH = YES;
				SDKROOT = iphoneos;
				SWIFT_COMPILATION_MODE = wholemodule;
				VALIDATE_PRODUCT = YES;
			};
			name = Release;
		};
		077E1A9C2B1F7EDC00B4EAE0 /* Debug */ = {
			isa = XCBuildConfiguration;
			buildSettings = {
				ASSETCATALOG_COMPILER_APPICON_NAME = AppIcon;
				ASSETCATALOG_COMPILER_GLOBAL_ACCENT_COLOR_NAME = AccentColor;
				CODE_SIGN_STYLE = Automatic;
				CURRENT_PROJECT_VERSION = 1;
				DEVELOPMENT_ASSET_PATHS = "\"iOSCustomCalendar/Preview Content\"";
				DEVELOPMENT_TEAM = VH8FYD6YYB;
				ENABLE_PREVIEWS = YES;
				GENERATE_INFOPLIST_FILE = YES;
				INFOPLIST_KEY_UIApplicationSceneManifest_Generation = YES;
				INFOPLIST_KEY_UIApplicationSupportsIndirectInputEvents = YES;
				INFOPLIST_KEY_UILaunchScreen_Generation = YES;
				INFOPLIST_KEY_UISupportedInterfaceOrientations_iPad = "UIInterfaceOrientationPortrait UIInterfaceOrientationPortraitUpsideDown UIInterfaceOrientationLandscapeLeft UIInterfaceOrientationLandscapeRight";
				INFOPLIST_KEY_UISupportedInterfaceOrientations_iPhone = "UIInterfaceOrientationPortrait UIInterfaceOrientationLandscapeLeft UIInterfaceOrientationLandscapeRight";
				LD_RUNPATH_SEARCH_PATHS = (
					"$(inherited)",
					"@executable_path/Frameworks",
				);
				MARKETING_VERSION = 1.0;
				PRODUCT_BUNDLE_IDENTIFIER = com.bh.iOSCustomCalendar;
				PRODUCT_NAME = "$(TARGET_NAME)";
				SWIFT_EMIT_LOC_STRINGS = YES;
				SWIFT_VERSION = 5.0;
				TARGETED_DEVICE_FAMILY = "1,2";
			};
			name = Debug;
		};
		077E1A9D2B1F7EDC00B4EAE0 /* Release */ = {
			isa = XCBuildConfiguration;
			buildSettings = {
				ASSETCATALOG_COMPILER_APPICON_NAME = AppIcon;
				ASSETCATALOG_COMPILER_GLOBAL_ACCENT_COLOR_NAME = AccentColor;
				CODE_SIGN_STYLE = Automatic;
				CURRENT_PROJECT_VERSION = 1;
				DEVELOPMENT_ASSET_PATHS = "\"iOSCustomCalendar/Preview Content\"";
				DEVELOPMENT_TEAM = VH8FYD6YYB;
				ENABLE_PREVIEWS = YES;
				GENERATE_INFOPLIST_FILE = YES;
				INFOPLIST_KEY_UIApplicationSceneManifest_Generation = YES;
				INFOPLIST_KEY_UIApplicationSupportsIndirectInputEvents = YES;
				INFOPLIST_KEY_UILaunchScreen_Generation = YES;
				INFOPLIST_KEY_UISupportedInterfaceOrientations_iPad = "UIInterfaceOrientationPortrait UIInterfaceOrientationPortraitUpsideDown UIInterfaceOrientationLandscapeLeft UIInterfaceOrientationLandscapeRight";
				INFOPLIST_KEY_UISupportedInterfaceOrientations_iPhone = "UIInterfaceOrientationPortrait UIInterfaceOrientationLandscapeLeft UIInterfaceOrientationLandscapeRight";
				LD_RUNPATH_SEARCH_PATHS = (
					"$(inherited)",
					"@executable_path/Frameworks",
				);
				MARKETING_VERSION = 1.0;
				PRODUCT_BUNDLE_IDENTIFIER = com.bh.iOSCustomCalendar;
				PRODUCT_NAME = "$(TARGET_NAME)";
				SWIFT_EMIT_LOC_STRINGS = YES;
				SWIFT_VERSION = 5.0;
				TARGETED_DEVICE_FAMILY = "1,2";
			};
			name = Release;
		};
		077E1A9F2B1F7EDC00B4EAE0 /* Debug */ = {
			isa = XCBuildConfiguration;
			buildSettings = {
				ALWAYS_EMBED_SWIFT_STANDARD_LIBRARIES = YES;
				BUNDLE_LOADER = "$(TEST_HOST)";
				CODE_SIGN_STYLE = Automatic;
				CURRENT_PROJECT_VERSION = 1;
				DEVELOPMENT_TEAM = VH8FYD6YYB;
				GENERATE_INFOPLIST_FILE = YES;
				IPHONEOS_DEPLOYMENT_TARGET = 17.0;
				MARKETING_VERSION = 1.0;
				PRODUCT_BUNDLE_IDENTIFIER = com.bh.iOSCustomCalendarTests;
				PRODUCT_NAME = "$(TARGET_NAME)";
				SWIFT_EMIT_LOC_STRINGS = NO;
				SWIFT_VERSION = 5.0;
				TARGETED_DEVICE_FAMILY = "1,2";
				TEST_HOST = "$(BUILT_PRODUCTS_DIR)/iOSCustomCalendar.app/$(BUNDLE_EXECUTABLE_FOLDER_PATH)/iOSCustomCalendar";
			};
			name = Debug;
		};
		077E1AA02B1F7EDC00B4EAE0 /* Release */ = {
			isa = XCBuildConfiguration;
			buildSettings = {
				ALWAYS_EMBED_SWIFT_STANDARD_LIBRARIES = YES;
				BUNDLE_LOADER = "$(TEST_HOST)";
				CODE_SIGN_STYLE = Automatic;
				CURRENT_PROJECT_VERSION = 1;
				DEVELOPMENT_TEAM = VH8FYD6YYB;
				GENERATE_INFOPLIST_FILE = YES;
				IPHONEOS_DEPLOYMENT_TARGET = 17.0;
				MARKETING_VERSION = 1.0;
				PRODUCT_BUNDLE_IDENTIFIER = com.bh.iOSCustomCalendarTests;
				PRODUCT_NAME = "$(TARGET_NAME)";
				SWIFT_EMIT_LOC_STRINGS = NO;
				SWIFT_VERSION = 5.0;
				TARGETED_DEVICE_FAMILY = "1,2";
				TEST_HOST = "$(BUILT_PRODUCTS_DIR)/iOSCustomCalendar.app/$(BUNDLE_EXECUTABLE_FOLDER_PATH)/iOSCustomCalendar";
			};
			name = Release;
		};
		077E1AA22B1F7EDC00B4EAE0 /* Debug */ = {
			isa = XCBuildConfiguration;
			buildSettings = {
				ALWAYS_EMBED_SWIFT_STANDARD_LIBRARIES = YES;
				CODE_SIGN_STYLE = Automatic;
				CURRENT_PROJECT_VERSION = 1;
				DEVELOPMENT_TEAM = VH8FYD6YYB;
				GENERATE_INFOPLIST_FILE = YES;
				MARKETING_VERSION = 1.0;
				PRODUCT_BUNDLE_IDENTIFIER = com.bh.iOSCustomCalendarUITests;
				PRODUCT_NAME = "$(TARGET_NAME)";
				SWIFT_EMIT_LOC_STRINGS = NO;
				SWIFT_VERSION = 5.0;
				TARGETED_DEVICE_FAMILY = "1,2";
				TEST_TARGET_NAME = iOSCustomCalendar;
			};
			name = Debug;
		};
		077E1AA32B1F7EDC00B4EAE0 /* Release */ = {
			isa = XCBuildConfiguration;
			buildSettings = {
				ALWAYS_EMBED_SWIFT_STANDARD_LIBRARIES = YES;
				CODE_SIGN_STYLE = Automatic;
				CURRENT_PROJECT_VERSION = 1;
				DEVELOPMENT_TEAM = VH8FYD6YYB;
				GENERATE_INFOPLIST_FILE = YES;
				MARKETING_VERSION = 1.0;
				PRODUCT_BUNDLE_IDENTIFIER = com.bh.iOSCustomCalendarUITests;
				PRODUCT_NAME = "$(TARGET_NAME)";
				SWIFT_EMIT_LOC_STRINGS = NO;
				SWIFT_VERSION = 5.0;
				TARGETED_DEVICE_FAMILY = "1,2";
				TEST_TARGET_NAME = iOSCustomCalendar;
			};
			name = Release;
		};
/* End XCBuildConfiguration section */

/* Begin XCConfigurationList section */
		077E1A722B1F7EDA00B4EAE0 /* Build configuration list for PBXProject "iOSCustomCalendar" */ = {
			isa = XCConfigurationList;
			buildConfigurations = (
				077E1A992B1F7EDC00B4EAE0 /* Debug */,
				077E1A9A2B1F7EDC00B4EAE0 /* Release */,
			);
			defaultConfigurationIsVisible = 0;
			defaultConfigurationName = Release;
		};
		077E1A9B2B1F7EDC00B4EAE0 /* Build configuration list for PBXNativeTarget "iOSCustomCalendar" */ = {
			isa = XCConfigurationList;
			buildConfigurations = (
				077E1A9C2B1F7EDC00B4EAE0 /* Debug */,
				077E1A9D2B1F7EDC00B4EAE0 /* Release */,
			);
			defaultConfigurationIsVisible = 0;
			defaultConfigurationName = Release;
		};
		077E1A9E2B1F7EDC00B4EAE0 /* Build configuration list for PBXNativeTarget "iOSCustomCalendarTests" */ = {
			isa = XCConfigurationList;
			buildConfigurations = (
				077E1A9F2B1F7EDC00B4EAE0 /* Debug */,
				077E1AA02B1F7EDC00B4EAE0 /* Release */,
			);
			defaultConfigurationIsVisible = 0;
			defaultConfigurationName = Release;
		};
		077E1AA12B1F7EDC00B4EAE0 /* Build configuration list for PBXNativeTarget "iOSCustomCalendarUITests" */ = {
			isa = XCConfigurationList;
			buildConfigurations = (
				077E1AA22B1F7EDC00B4EAE0 /* Debug */,
				077E1AA32B1F7EDC00B4EAE0 /* Release */,
			);
			defaultConfigurationIsVisible = 0;
			defaultConfigurationName = Release;
		};
/* End XCConfigurationList section */
	};
	rootObject = 077E1A6F2B1F7EDA00B4EAE0 /* Project object */;
}
